
Microsoft Visual Studio Solution File, Format Version 12.00
# Visual Studio Version 16
VisualStudioVersion = 16.0.32228.343
MinimumVisualStudioVersion = 10.0.40219.1
Project("{8BC9CEB8-8B4A-11D0-8D11-00A0C91BC942}") = "day_1", "day_1\day_1.vcxproj", "{7FD2710F-7CCE-4142-B081-0BC0C47F32B7}"
EndProject
Project("{8BC9CEB8-8B4A-11D0-8D11-00A0C91BC942}") = "day_2", "day_2\day_2.vcxproj", "{1CD71913-676E-46EB-9F9C-C09DC27FFCCA}"
EndProject
Project("{8BC9CEB8-8B4A-11D0-8D11-00A0C91BC942}") = "day_3", "day_3\day_3.vcxproj", "{24F7E53D-EBB1-40AF-9585-0914EB2ED2CC}"
EndProject
Project("{8BC9CEB8-8B4A-11D0-8D11-00A0C91BC942}") = "day_4", "day_4\day_4.vcxproj", "{624CBDE5-BF00-436C-BB79-81E37F0ED8DD}"
EndProject
Project("{8BC9CEB8-8B4A-11D0-8D11-00A0C91BC942}") = "day_5", "day_5\day_5.vcxproj", "{A8B7551A-A551-415A-B762-5F8607C976B7}"
EndProject
Project("{8BC9CEB8-8B4A-11D0-8D11-00A0C91BC942}") = "day_6", "day_6\day_6.vcxproj", "{BB41DCC1-D24C-4558-9D7C-B61A9DAC1BB1}"
EndProject
Project("{8BC9CEB8-8B4A-11D0-8D11-00A0C91BC942}") = "Mid_1", "Mid_1\Mid_1.vcxproj", "{22075F31-10E1-4527-B16F-7E97FE5DB413}"
EndProject
Project("{8BC9CEB8-8B4A-11D0-8D11-00A0C91BC942}") = "C++_引用", "C++_引用\C++_引用.vcxproj", "{F445B143-C033-4141-937F-85F6F87D1768}"
EndProject
Project("{8BC9CEB8-8B4A-11D0-8D11-00A0C91BC942}") = "Mid_2", "Mid_2\Mid_2.vcxproj", "{009F6876-BA5C-4935-904C-B2F4D42422A3}"
EndProject
Global
	GlobalSection(SolutionConfigurationPlatforms) = preSolution
		Debug|x64 = Debug|x64
		Debug|x86 = Debug|x86
		Release|x64 = Release|x64
		Release|x86 = Release|x86
	EndGlobalSection
	GlobalSection(ProjectConfigurationPlatforms) = postSolution
		{7FD2710F-7CCE-4142-B081-0BC0C47F32B7}.Debug|x64.ActiveCfg = Debug|x64
		{7FD2710F-7CCE-4142-B081-0BC0C47F32B7}.Debug|x64.Build.0 = Debug|x64
		{7FD2710F-7CCE-4142-B081-0BC0C47F32B7}.Debug|x86.ActiveCfg = Debug|Win32
		{7FD2710F-7CCE-4142-B081-0BC0C47F32B7}.Debug|x86.Build.0 = Debug|Win32
		{7FD2710F-7CCE-4142-B081-0BC0C47F32B7}.Release|x64.ActiveCfg = Release|x64
		{7FD2710F-7CCE-4142-B081-0BC0C47F32B7}.Release|x64.Build.0 = Release|x64
		{7FD2710F-7CCE-4142-B081-0BC0C47F32B7}.Release|x86.ActiveCfg = Release|Win32
		{7FD2710F-7CCE-4142-B081-0BC0C47F32B7}.Release|x86.Build.0 = Release|Win32
		{1CD71913-676E-46EB-9F9C-C09DC27FFCCA}.Debug|x64.ActiveCfg = Debug|x64
		{1CD71913-676E-46EB-9F9C-C09DC27FFCCA}.Debug|x64.Build.0 = Debug|x64
		{1CD71913-676E-46EB-9F9C-C09DC27FFCCA}.Debug|x86.ActiveCfg = Debug|Win32
		{1CD71913-676E-46EB-9F9C-C09DC27FFCCA}.Debug|x86.Build.0 = Debug|Win32
		{1CD71913-676E-46EB-9F9C-C09DC27FFCCA}.Release|x64.ActiveCfg = Release|x64
		{1CD71913-676E-46EB-9F9C-C09DC27FFCCA}.Release|x64.Build.0 = Release|x64
		{1CD71913-676E-46EB-9F9C-C09DC27FFCCA}.Release|x86.ActiveCfg = Release|Win32
		{1CD71913-676E-46EB-9F9C-C09DC27FFCCA}.Release|x86.Build.0 = Release|Win32
		{24F7E53D-EBB1-40AF-9585-0914EB2ED2CC}.Debug|x64.ActiveCfg = Debug|x64
		{24F7E53D-EBB1-40AF-9585-0914EB2ED2CC}.Debug|x64.Build.0 = Debug|x64
		{24F7E53D-EBB1-40AF-9585-0914EB2ED2CC}.Debug|x86.ActiveCfg = Debug|Win32
		{24F7E53D-EBB1-40AF-9585-0914EB2ED2CC}.Debug|x86.Build.0 = Debug|Win32
		{24F7E53D-EBB1-40AF-9585-0914EB2ED2CC}.Release|x64.ActiveCfg = Release|x64
		{24F7E53D-EBB1-40AF-9585-0914EB2ED2CC}.Release|x64.Build.0 = Release|x64
		{24F7E53D-EBB1-40AF-9585-0914EB2ED2CC}.Release|x86.ActiveCfg = Release|Win32
		{24F7E53D-EBB1-40AF-9585-0914EB2ED2CC}.Release|x86.Build.0 = Release|Win32
		{624CBDE5-BF00-436C-BB79-81E37F0ED8DD}.Debug|x64.ActiveCfg = Debug|x64
		{624CBDE5-BF00-436C-BB79-81E37F0ED8DD}.Debug|x64.Build.0 = Debug|x64
		{624CBDE5-BF00-436C-BB79-81E37F0ED8DD}.Debug|x86.ActiveCfg = Debug|Win32
		{624CBDE5-BF00-436C-BB79-81E37F0ED8DD}.Debug|x86.Build.0 = Debug|Win32
		{624CBDE5-BF00-436C-BB79-81E37F0ED8DD}.Release|x64.ActiveCfg = Release|x64
		{624CBDE5-BF00-436C-BB79-81E37F0ED8DD}.Release|x64.Build.0 = Release|x64
		{624CBDE5-BF00-436C-BB79-81E37F0ED8DD}.Release|x86.ActiveCfg = Release|Win32
		{624CBDE5-BF00-436C-BB79-81E37F0ED8DD}.Release|x86.Build.0 = Release|Win32
		{A8B7551A-A551-415A-B762-5F8607C976B7}.Debug|x64.ActiveCfg = Debug|x64
		{A8B7551A-A551-415A-B762-5F8607C976B7}.Debug|x64.Build.0 = Debug|x64
		{A8B7551A-A551-415A-B762-5F8607C976B7}.Debug|x86.ActiveCfg = Debug|Win32
		{A8B7551A-A551-415A-B762-5F8607C976B7}.Debug|x86.Build.0 = Debug|Win32
		{A8B7551A-A551-415A-B762-5F8607C976B7}.Release|x64.ActiveCfg = Release|x64
		{A8B7551A-A551-415A-B762-5F8607C976B7}.Release|x64.Build.0 = Release|x64
		{A8B7551A-A551-415A-B762-5F8607C976B7}.Release|x86.ActiveCfg = Release|Win32
		{A8B7551A-A551-415A-B762-5F8607C976B7}.Release|x86.Build.0 = Release|Win32
		{BB41DCC1-D24C-4558-9D7C-B61A9DAC1BB1}.Debug|x64.ActiveCfg = Debug|x64
		{BB41DCC1-D24C-4558-9D7C-B61A9DAC1BB1}.Debug|x64.Build.0 = Debug|x64
		{BB41DCC1-D24C-4558-9D7C-B61A9DAC1BB1}.Debug|x86.ActiveCfg = Debug|Win32
		{BB41DCC1-D24C-4558-9D7C-B61A9DAC1BB1}.Debug|x86.Build.0 = Debug|Win32
		{BB41DCC1-D24C-4558-9D7C-B61A9DAC1BB1}.Release|x64.ActiveCfg = Release|x64
		{BB41DCC1-D24C-4558-9D7C-B61A9DAC1BB1}.Release|x64.Build.0 = Release|x64
		{BB41DCC1-D24C-4558-9D7C-B61A9DAC1BB1}.Release|x86.ActiveCfg = Release|Win32
		{BB41DCC1-D24C-4558-9D7C-B61A9DAC1BB1}.Release|x86.Build.0 = Release|Win32
		{22075F31-10E1-4527-B16F-7E97FE5DB413}.Debug|x64.ActiveCfg = Debug|x64
		{22075F31-10E1-4527-B16F-7E97FE5DB413}.Debug|x64.Build.0 = Debug|x64
		{22075F31-10E1-4527-B16F-7E97FE5DB413}.Debug|x86.ActiveCfg = Debug|Win32
		{22075F31-10E1-4527-B16F-7E97FE5DB413}.Debug|x86.Build.0 = Debug|Win32
		{22075F31-10E1-4527-B16F-7E97FE5DB413}.Release|x64.ActiveCfg = Release|x64
		{22075F31-10E1-4527-B16F-7E97FE5DB413}.Release|x64.Build.0 = Release|x64
		{22075F31-10E1-4527-B16F-7E97FE5DB413}.Release|x86.ActiveCfg = Release|Win32
		{22075F31-10E1-4527-B16F-7E97FE5DB413}.Release|x86.Build.0 = Release|Win32
		{F445B143-C033-4141-937F-85F6F87D1768}.Debug|x64.ActiveCfg = Debug|x64
		{F445B143-C033-4141-937F-85F6F87D1768}.Debug|x64.Build.0 = Debug|x64
		{F445B143-C033-4141-937F-85F6F87D1768}.Debug|x86.ActiveCfg = Debug|Win32
		{F445B143-C033-4141-937F-85F6F87D1768}.Debug|x86.Build.0 = Debug|Win32
		{F445B143-C033-4141-937F-85F6F87D1768}.Release|x64.ActiveCfg = Release|x64
		{F445B143-C033-4141-937F-85F6F87D1768}.Release|x64.Build.0 = Release|x64
		{F445B143-C033-4141-937F-85F6F87D1768}.Release|x86.ActiveCfg = Release|Win32
		{F445B143-C033-4141-937F-85F6F87D1768}.Release|x86.Build.0 = Release|Win32
		{009F6876-BA5C-4935-904C-B2F4D42422A3}.Debug|x64.ActiveCfg = Debug|x64
		{009F6876-BA5C-4935-904C-B2F4D42422A3}.Debug|x64.Build.0 = Debug|x64
		{009F6876-BA5C-4935-904C-B2F4D42422A3}.Debug|x86.ActiveCfg = Debug|Win32
		{009F6876-BA5C-4935-904C-B2F4D42422A3}.Debug|x86.Build.0 = Debug|Win32
		{009F6876-BA5C-4935-904C-B2F4D42422A3}.Release|x64.ActiveCfg = Release|x64
		{009F6876-BA5C-4935-904C-B2F4D42422A3}.Release|x64.Build.0 = Release|x64
		{009F6876-BA5C-4935-904C-B2F4D42422A3}.Release|x86.ActiveCfg = Release|Win32
		{009F6876-BA5C-4935-904C-B2F4D42422A3}.Release|x86.Build.0 = Release|Win32
	EndGlobalSection
	GlobalSection(SolutionProperties) = preSolution
		HideSolutionNode = FALSE
	EndGlobalSection
	GlobalSection(ExtensibilityGlobals) = postSolution
		SolutionGuid = {ABC0428B-1C31-4DD7-8F8A-D6BEF18BCE26}
	EndGlobalSection
EndGlobal
